// !$*UTF8*$!
{
	archiveVersion = 1;
	classes = {
	};
	objectVersion = 46;
	objects = {

/* Begin PBXBuildFile section */
		4BD80DDAE655035B9FC517F8 /* libPods-RainbowGet.a in Frameworks */ = {isa = PBXBuildFile; fileRef = 78B353427C0C86AFD0A69E54 /* libPods-RainbowGet.a */; };
		8C0B1ACF1E69D125003DBE7F /* ClassesListViewController.m in Sources */ = {isa = PBXBuildFile; fileRef = 8C0B1ACD1E69D125003DBE7F /* ClassesListViewController.m */; };
		8C0B1AD01E69D125003DBE7F /* ClassesListViewController.xib in Resources */ = {isa = PBXBuildFile; fileRef = 8C0B1ACE1E69D125003DBE7F /* ClassesListViewController.xib */; };
		8C1F91B61E80C9CF0071209E /* WordsListViewController.m in Sources */ = {isa = PBXBuildFile; fileRef = 8C1F91B41E80C9CF0071209E /* WordsListViewController.m */; };
		8C1F91B71E80C9CF0071209E /* WordsListViewController.xib in Resources */ = {isa = PBXBuildFile; fileRef = 8C1F91B51E80C9CF0071209E /* WordsListViewController.xib */; };
		8C1F91BB1E80C9ED0071209E /* WordCell.m in Sources */ = {isa = PBXBuildFile; fileRef = 8C1F91B91E80C9ED0071209E /* WordCell.m */; };
		8C1F91BC1E80C9ED0071209E /* WordCell.xib in Resources */ = {isa = PBXBuildFile; fileRef = 8C1F91BA1E80C9ED0071209E /* WordCell.xib */; };
		8C7D403D1E6AF26B0024D5FD /* DrawView.m in Sources */ = {isa = PBXBuildFile; fileRef = 8C7D403C1E6AF26B0024D5FD /* DrawView.m */; };
		8C84E4BD1E7A849C000466F8 /* PersistWords.m in Sources */ = {isa = PBXBuildFile; fileRef = 8C84E4BC1E7A849C000466F8 /* PersistWords.m */; };
		8C84E4BF1E7A8732000466F8 /* libsqlite3.tbd in Frameworks */ = {isa = PBXBuildFile; fileRef = 8C84E4BE1E7A8732000466F8 /* libsqlite3.tbd */; };
		8CF8CD461E66560B00A50AE3 /* main.m in Sources */ = {isa = PBXBuildFile; fileRef = 8CF8CD451E66560B00A50AE3 /* main.m */; };
		8CF8CD491E66560B00A50AE3 /* AppDelegate.m in Sources */ = {isa = PBXBuildFile; fileRef = 8CF8CD481E66560B00A50AE3 /* AppDelegate.m */; };
		8CF8CD4C1E66560B00A50AE3 /* ViewController.m in Sources */ = {isa = PBXBuildFile; fileRef = 8CF8CD4B1E66560B00A50AE3 /* ViewController.m */; };
		8CF8CD4F1E66560B00A50AE3 /* Main.storyboard in Resources */ = {isa = PBXBuildFile; fileRef = 8CF8CD4D1E66560B00A50AE3 /* Main.storyboard */; };
		8CF8CD511E66560B00A50AE3 /* Assets.xcassets in Resources */ = {isa = PBXBuildFile; fileRef = 8CF8CD501E66560B00A50AE3 /* Assets.xcassets */; };
		8CF8CD541E66560B00A50AE3 /* LaunchScreen.storyboard in Resources */ = {isa = PBXBuildFile; fileRef = 8CF8CD521E66560B00A50AE3 /* LaunchScreen.storyboard */; };
		8CF8CD5F1E66560B00A50AE3 /* RainbowGetTests.m in Sources */ = {isa = PBXBuildFile; fileRef = 8CF8CD5E1E66560B00A50AE3 /* RainbowGetTests.m */; };
		8CF8CD6A1E66560B00A50AE3 /* RainbowGetUITests.m in Sources */ = {isa = PBXBuildFile; fileRef = 8CF8CD691E66560B00A50AE3 /* RainbowGetUITests.m */; };
		8CF8CD7A1E66575100A50AE3 /* WordBoardViewController.m in Sources */ = {isa = PBXBuildFile; fileRef = 8CF8CD781E66575100A50AE3 /* WordBoardViewController.m */; };
		8CF8CD7B1E66575100A50AE3 /* WordBoardViewController.xib in Resources */ = {isa = PBXBuildFile; fileRef = 8CF8CD791E66575100A50AE3 /* WordBoardViewController.xib */; };
		8CF8CD841E665B7F00A50AE3 /* BoardCell.m in Sources */ = {isa = PBXBuildFile; fileRef = 8CF8CD821E665B7F00A50AE3 /* BoardCell.m */; };
		8CF8CD851E665B7F00A50AE3 /* BoardCell.xib in Resources */ = {isa = PBXBuildFile; fileRef = 8CF8CD831E665B7F00A50AE3 /* BoardCell.xib */; };
		8CF8CD881E66645800A50AE3 /* WordModel.m in Sources */ = {isa = PBXBuildFile; fileRef = 8CF8CD871E66645800A50AE3 /* WordModel.m */; };
/* End PBXBuildFile section */

/* Begin PBXContainerItemProxy section */
		8CF8CD5B1E66560B00A50AE3 /* PBXContainerItemProxy */ = {
			isa = PBXContainerItemProxy;
			containerPortal = 8CF8CD391E66560B00A50AE3 /* Project object */;
			proxyType = 1;
			remoteGlobalIDString = 8CF8CD401E66560B00A50AE3;
			remoteInfo = RainbowGet;
		};
		8CF8CD661E66560B00A50AE3 /* PBXContainerItemProxy */ = {
			isa = PBXContainerItemProxy;
			containerPortal = 8CF8CD391E66560B00A50AE3 /* Project object */;
			proxyType = 1;
			remoteGlobalIDString = 8CF8CD401E66560B00A50AE3;
			remoteInfo = RainbowGet;
		};
/* End PBXContainerItemProxy section */

/* Begin PBXFileReference section */
		479006B2C3C1B0AFB2C9A3E8 /* Pods-RainbowGet.debug.xcconfig */ = {isa = PBXFileReference; includeInIndex = 1; lastKnownFileType = text.xcconfig; name = "Pods-RainbowGet.debug.xcconfig"; path = "Pods/Target Support Files/Pods-RainbowGet/Pods-RainbowGet.debug.xcconfig"; sourceTree = "<group>"; };
		78B353427C0C86AFD0A69E54 /* libPods-RainbowGet.a */ = {isa = PBXFileReference; explicitFileType = archive.ar; includeInIndex = 0; path = "libPods-RainbowGet.a"; sourceTree = BUILT_PRODUCTS_DIR; };
		8C0B1ACC1E69D125003DBE7F /* ClassesListViewController.h */ = {isa = PBXFileReference; fileEncoding = 4; lastKnownFileType = sourcecode.c.h; path = ClassesListViewController.h; sourceTree = "<group>"; };
		8C0B1ACD1E69D125003DBE7F /* ClassesListViewController.m */ = {isa = PBXFileReference; fileEncoding = 4; lastKnownFileType = sourcecode.c.objc; path = ClassesListViewController.m; sourceTree = "<group>"; };
		8C0B1ACE1E69D125003DBE7F /* ClassesListViewController.xib */ = {isa = PBXFileReference; fileEncoding = 4; lastKnownFileType = file.xib; path = ClassesListViewController.xib; sourceTree = "<group>"; };
		8C1F91B31E80C9CF0071209E /* WordsListViewController.h */ = {isa = PBXFileReference; fileEncoding = 4; lastKnownFileType = sourcecode.c.h; path = WordsListViewController.h; sourceTree = "<group>"; };
		8C1F91B41E80C9CF0071209E /* WordsListViewController.m */ = {isa = PBXFileReference; fileEncoding = 4; lastKnownFileType = sourcecode.c.objc; path = WordsListViewController.m; sourceTree = "<group>"; };
		8C1F91B51E80C9CF0071209E /* WordsListViewController.xib */ = {isa = PBXFileReference; fileEncoding = 4; lastKnownFileType = file.xib; path = WordsListViewController.xib; sourceTree = "<group>"; };
		8C1F91B81E80C9ED0071209E /* WordCell.h */ = {isa = PBXFileReference; fileEncoding = 4; lastKnownFileType = sourcecode.c.h; path = WordCell.h; sourceTree = "<group>"; };
		8C1F91B91E80C9ED0071209E /* WordCell.m */ = {isa = PBXFileReference; fileEncoding = 4; lastKnownFileType = sourcecode.c.objc; path = WordCell.m; sourceTree = "<group>"; };
		8C1F91BA1E80C9ED0071209E /* WordCell.xib */ = {isa = PBXFileReference; fileEncoding = 4; lastKnownFileType = file.xib; path = WordCell.xib; sourceTree = "<group>"; };
		8C7D403B1E6AF26B0024D5FD /* DrawView.h */ = {isa = PBXFileReference; fileEncoding = 4; lastKnownFileType = sourcecode.c.h; path = DrawView.h; sourceTree = "<group>"; };
		8C7D403C1E6AF26B0024D5FD /* DrawView.m */ = {isa = PBXFileReference; fileEncoding = 4; lastKnownFileType = sourcecode.c.objc; path = DrawView.m; sourceTree = "<group>"; };
		8C84E4B71E7A5E8A000466F8 /* PrefixHeader.pch */ = {isa = PBXFileReference; lastKnownFileType = sourcecode.c.h; path = PrefixHeader.pch; sourceTree = "<group>"; };
		8C84E4BB1E7A849C000466F8 /* PersistWords.h */ = {isa = PBXFileReference; fileEncoding = 4; lastKnownFileType = sourcecode.c.h; path = PersistWords.h; sourceTree = "<group>"; };
		8C84E4BC1E7A849C000466F8 /* PersistWords.m */ = {isa = PBXFileReference; fileEncoding = 4; lastKnownFileType = sourcecode.c.objc; path = PersistWords.m; sourceTree = "<group>"; };
		8C84E4BE1E7A8732000466F8 /* libsqlite3.tbd */ = {isa = PBXFileReference; lastKnownFileType = "sourcecode.text-based-dylib-definition"; name = libsqlite3.tbd; path = usr/lib/libsqlite3.tbd; sourceTree = SDKROOT; };
		8CF8CD411E66560B00A50AE3 /* RainbowGet.app */ = {isa = PBXFileReference; explicitFileType = wrapper.application; includeInIndex = 0; path = RainbowGet.app; sourceTree = BUILT_PRODUCTS_DIR; };
		8CF8CD451E66560B00A50AE3 /* main.m */ = {isa = PBXFileReference; lastKnownFileType = sourcecode.c.objc; path = main.m; sourceTree = "<group>"; };
		8CF8CD471E66560B00A50AE3 /* AppDelegate.h */ = {isa = PBXFileReference; lastKnownFileType = sourcecode.c.h; path = AppDelegate.h; sourceTree = "<group>"; };
		8CF8CD481E66560B00A50AE3 /* AppDelegate.m */ = {isa = PBXFileReference; lastKnownFileType = sourcecode.c.objc; path = AppDelegate.m; sourceTree = "<group>"; };
		8CF8CD4A1E66560B00A50AE3 /* ViewController.h */ = {isa = PBXFileReference; lastKnownFileType = sourcecode.c.h; path = ViewController.h; sourceTree = "<group>"; };
		8CF8CD4B1E66560B00A50AE3 /* ViewController.m */ = {isa = PBXFileReference; lastKnownFileType = sourcecode.c.objc; path = ViewController.m; sourceTree = "<group>"; };
		8CF8CD4E1E66560B00A50AE3 /* Base */ = {isa = PBXFileReference; lastKnownFileType = file.storyboard; name = Base; path = Base.lproj/Main.storyboard; sourceTree = "<group>"; };
		8CF8CD501E66560B00A50AE3 /* Assets.xcassets */ = {isa = PBXFileReference; lastKnownFileType = folder.assetcatalog; path = Assets.xcassets; sourceTree = "<group>"; };
		8CF8CD531E66560B00A50AE3 /* Base */ = {isa = PBXFileReference; lastKnownFileType = file.storyboard; name = Base; path = Base.lproj/LaunchScreen.storyboard; sourceTree = "<group>"; };
		8CF8CD551E66560B00A50AE3 /* Info.plist */ = {isa = PBXFileReference; lastKnownFileType = text.plist.xml; path = Info.plist; sourceTree = "<group>"; };
		8CF8CD5A1E66560B00A50AE3 /* RainbowGetTests.xctest */ = {isa = PBXFileReference; explicitFileType = wrapper.cfbundle; includeInIndex = 0; path = RainbowGetTests.xctest; sourceTree = BUILT_PRODUCTS_DIR; };
		8CF8CD5E1E66560B00A50AE3 /* RainbowGetTests.m */ = {isa = PBXFileReference; lastKnownFileType = sourcecode.c.objc; path = RainbowGetTests.m; sourceTree = "<group>"; };
		8CF8CD601E66560B00A50AE3 /* Info.plist */ = {isa = PBXFileReference; lastKnownFileType = text.plist.xml; path = Info.plist; sourceTree = "<group>"; };
		8CF8CD651E66560B00A50AE3 /* RainbowGetUITests.xctest */ = {isa = PBXFileReference; explicitFileType = wrapper.cfbundle; includeInIndex = 0; path = RainbowGetUITests.xctest; sourceTree = BUILT_PRODUCTS_DIR; };
		8CF8CD691E66560B00A50AE3 /* RainbowGetUITests.m */ = {isa = PBXFileReference; lastKnownFileType = sourcecode.c.objc; path = RainbowGetUITests.m; sourceTree = "<group>"; };
		8CF8CD6B1E66560B00A50AE3 /* Info.plist */ = {isa = PBXFileReference; lastKnownFileType = text.plist.xml; path = Info.plist; sourceTree = "<group>"; };
		8CF8CD771E66575100A50AE3 /* WordBoardViewController.h */ = {isa = PBXFileReference; fileEncoding = 4; lastKnownFileType = sourcecode.c.h; path = WordBoardViewController.h; sourceTree = "<group>"; };
		8CF8CD781E66575100A50AE3 /* WordBoardViewController.m */ = {isa = PBXFileReference; fileEncoding = 4; lastKnownFileType = sourcecode.c.objc; path = WordBoardViewController.m; sourceTree = "<group>"; };
		8CF8CD791E66575100A50AE3 /* WordBoardViewController.xib */ = {isa = PBXFileReference; fileEncoding = 4; lastKnownFileType = file.xib; path = WordBoardViewController.xib; sourceTree = "<group>"; };
		8CF8CD811E665B7F00A50AE3 /* BoardCell.h */ = {isa = PBXFileReference; fileEncoding = 4; lastKnownFileType = sourcecode.c.h; path = BoardCell.h; sourceTree = "<group>"; };
		8CF8CD821E665B7F00A50AE3 /* BoardCell.m */ = {isa = PBXFileReference; fileEncoding = 4; lastKnownFileType = sourcecode.c.objc; path = BoardCell.m; sourceTree = "<group>"; };
		8CF8CD831E665B7F00A50AE3 /* BoardCell.xib */ = {isa = PBXFileReference; fileEncoding = 4; lastKnownFileType = file.xib; path = BoardCell.xib; sourceTree = "<group>"; };
		8CF8CD861E66645800A50AE3 /* WordModel.h */ = {isa = PBXFileReference; fileEncoding = 4; lastKnownFileType = sourcecode.c.h; path = WordModel.h; sourceTree = "<group>"; };
		8CF8CD871E66645800A50AE3 /* WordModel.m */ = {isa = PBXFileReference; fileEncoding = 4; lastKnownFileType = sourcecode.c.objc; path = WordModel.m; sourceTree = "<group>"; };
		D1F4CCE74A7DDEFD3C4C0878 /* Pods-RainbowGet.release.xcconfig */ = {isa = PBXFileReference; includeInIndex = 1; lastKnownFileType = text.xcconfig; name = "Pods-RainbowGet.release.xcconfig"; path = "Pods/Target Support Files/Pods-RainbowGet/Pods-RainbowGet.release.xcconfig"; sourceTree = "<group>"; };
/* End PBXFileReference section */

/* Begin PBXFrameworksBuildPhase section */
		8CF8CD3E1E66560B00A50AE3 /* Frameworks */ = {
			isa = PBXFrameworksBuildPhase;
			buildActionMask = 2147483647;
			files = (
				8C84E4BF1E7A8732000466F8 /* libsqlite3.tbd in Frameworks */,
				4BD80DDAE655035B9FC517F8 /* libPods-RainbowGet.a in Frameworks */,
			);
			runOnlyForDeploymentPostprocessing = 0;
		};
		8CF8CD571E66560B00A50AE3 /* Frameworks */ = {
			isa = PBXFrameworksBuildPhase;
			buildActionMask = 2147483647;
			files = (
			);
			runOnlyForDeploymentPostprocessing = 0;
		};
		8CF8CD621E66560B00A50AE3 /* Frameworks */ = {
			isa = PBXFrameworksBuildPhase;
			buildActionMask = 2147483647;
			files = (
			);
			runOnlyForDeploymentPostprocessing = 0;
		};
/* End PBXFrameworksBuildPhase section */

/* Begin PBXGroup section */
		26973E40690FE1569EB5F0E2 /* Pods */ = {
			isa = PBXGroup;
			children = (
				479006B2C3C1B0AFB2C9A3E8 /* Pods-RainbowGet.debug.xcconfig */,
				D1F4CCE74A7DDEFD3C4C0878 /* Pods-RainbowGet.release.xcconfig */,
			);
			name = Pods;
			sourceTree = "<group>";
		};
		8CF8CD381E66560B00A50AE3 = {
			isa = PBXGroup;
			children = (
				8CF8CD431E66560B00A50AE3 /* RainbowGet */,
				8CF8CD5D1E66560B00A50AE3 /* RainbowGetTests */,
				8CF8CD681E66560B00A50AE3 /* RainbowGetUITests */,
				8CF8CD421E66560B00A50AE3 /* Products */,
				26973E40690FE1569EB5F0E2 /* Pods */,
				A85BAE0C3E84B1D8D1864512 /* Frameworks */,
			);
			sourceTree = "<group>";
		};
		8CF8CD421E66560B00A50AE3 /* Products */ = {
			isa = PBXGroup;
			children = (
				8CF8CD411E66560B00A50AE3 /* RainbowGet.app */,
				8CF8CD5A1E66560B00A50AE3 /* RainbowGetTests.xctest */,
				8CF8CD651E66560B00A50AE3 /* RainbowGetUITests.xctest */,
			);
			name = Products;
			sourceTree = "<group>";
		};
		8CF8CD431E66560B00A50AE3 /* RainbowGet */ = {
			isa = PBXGroup;
			children = (
				8CF8CD471E66560B00A50AE3 /* AppDelegate.h */,
				8CF8CD481E66560B00A50AE3 /* AppDelegate.m */,
				8CF8CD4A1E66560B00A50AE3 /* ViewController.h */,
				8CF8CD4B1E66560B00A50AE3 /* ViewController.m */,
				8CF8CD4D1E66560B00A50AE3 /* Main.storyboard */,
				8CF8CD771E66575100A50AE3 /* WordBoardViewController.h */,
				8CF8CD781E66575100A50AE3 /* WordBoardViewController.m */,
				8CF8CD791E66575100A50AE3 /* WordBoardViewController.xib */,
				8C0B1ACC1E69D125003DBE7F /* ClassesListViewController.h */,
				8C0B1ACD1E69D125003DBE7F /* ClassesListViewController.m */,
				8C0B1ACE1E69D125003DBE7F /* ClassesListViewController.xib */,
				8CF8CD811E665B7F00A50AE3 /* BoardCell.h */,
				8CF8CD821E665B7F00A50AE3 /* BoardCell.m */,
				8CF8CD831E665B7F00A50AE3 /* BoardCell.xib */,
				8C1F91B31E80C9CF0071209E /* WordsListViewController.h */,
				8C1F91B41E80C9CF0071209E /* WordsListViewController.m */,
				8C1F91B51E80C9CF0071209E /* WordsListViewController.xib */,
				8C1F91B81E80C9ED0071209E /* WordCell.h */,
				8C1F91B91E80C9ED0071209E /* WordCell.m */,
				8C1F91BA1E80C9ED0071209E /* WordCell.xib */,
				8CF8CD861E66645800A50AE3 /* WordModel.h */,
				8CF8CD871E66645800A50AE3 /* WordModel.m */,
				8C84E4BB1E7A849C000466F8 /* PersistWords.h */,
				8C84E4BC1E7A849C000466F8 /* PersistWords.m */,
				8C7D403B1E6AF26B0024D5FD /* DrawView.h */,
				8C7D403C1E6AF26B0024D5FD /* DrawView.m */,
				8CF8CD501E66560B00A50AE3 /* Assets.xcassets */,
				8CF8CD521E66560B00A50AE3 /* LaunchScreen.storyboard */,
				8CF8CD551E66560B00A50AE3 /* Info.plist */,
				8CF8CD441E66560B00A50AE3 /* Supporting Files */,
			);
			path = RainbowGet;
			sourceTree = "<group>";
		};
		8CF8CD441E66560B00A50AE3 /* Supporting Files */ = {
			isa = PBXGroup;
			children = (
				8CF8CD451E66560B00A50AE3 /* main.m */,
				8C84E4B71E7A5E8A000466F8 /* PrefixHeader.pch */,
			);
			name = "Supporting Files";
			sourceTree = "<group>";
		};
		8CF8CD5D1E66560B00A50AE3 /* RainbowGetTests */ = {
			isa = PBXGroup;
			children = (
				8CF8CD5E1E66560B00A50AE3 /* RainbowGetTests.m */,
				8CF8CD601E66560B00A50AE3 /* Info.plist */,
			);
			path = RainbowGetTests;
			sourceTree = "<group>";
		};
		8CF8CD681E66560B00A50AE3 /* RainbowGetUITests */ = {
			isa = PBXGroup;
			children = (
				8CF8CD691E66560B00A50AE3 /* RainbowGetUITests.m */,
				8CF8CD6B1E66560B00A50AE3 /* Info.plist */,
			);
			path = RainbowGetUITests;
			sourceTree = "<group>";
		};
		A85BAE0C3E84B1D8D1864512 /* Frameworks */ = {
			isa = PBXGroup;
			children = (
				8C84E4BE1E7A8732000466F8 /* libsqlite3.tbd */,
				78B353427C0C86AFD0A69E54 /* libPods-RainbowGet.a */,
			);
			name = Frameworks;
			sourceTree = "<group>";
		};
/* End PBXGroup section */

/* Begin PBXNativeTarget section */
		8CF8CD401E66560B00A50AE3 /* RainbowGet */ = {
			isa = PBXNativeTarget;
			buildConfigurationList = 8CF8CD6E1E66560B00A50AE3 /* Build configuration list for PBXNativeTarget "RainbowGet" */;
			buildPhases = (
				0D0B9BD1B9B74903819AFEB4 /* [CP] Check Pods Manifest.lock */,
				8CF8CD3D1E66560B00A50AE3 /* Sources */,
				8CF8CD3E1E66560B00A50AE3 /* Frameworks */,
				8CF8CD3F1E66560B00A50AE3 /* Resources */,
				23C442B026E20C66BF68460F /* [CP] Embed Pods Frameworks */,
				C6407C7B45905ED05B98768A /* [CP] Copy Pods Resources */,
			);
			buildRules = (
			);
			dependencies = (
			);
			name = RainbowGet;
			productName = RainbowGet;
			productReference = 8CF8CD411E66560B00A50AE3 /* RainbowGet.app */;
			productType = "com.apple.product-type.application";
		};
		8CF8CD591E66560B00A50AE3 /* RainbowGetTests */ = {
			isa = PBXNativeTarget;
			buildConfigurationList = 8CF8CD711E66560B00A50AE3 /* Build configuration list for PBXNativeTarget "RainbowGetTests" */;
			buildPhases = (
				8CF8CD561E66560B00A50AE3 /* Sources */,
				8CF8CD571E66560B00A50AE3 /* Frameworks */,
				8CF8CD581E66560B00A50AE3 /* Resources */,
			);
			buildRules = (
			);
			dependencies = (
				8CF8CD5C1E66560B00A50AE3 /* PBXTargetDependency */,
			);
			name = RainbowGetTests;
			productName = RainbowGetTests;
			productReference = 8CF8CD5A1E66560B00A50AE3 /* RainbowGetTests.xctest */;
			productType = "com.apple.product-type.bundle.unit-test";
		};
		8CF8CD641E66560B00A50AE3 /* RainbowGetUITests */ = {
			isa = PBXNativeTarget;
			buildConfigurationList = 8CF8CD741E66560B00A50AE3 /* Build configuration list for PBXNativeTarget "RainbowGetUITests" */;
			buildPhases = (
				8CF8CD611E66560B00A50AE3 /* Sources */,
				8CF8CD621E66560B00A50AE3 /* Frameworks */,
				8CF8CD631E66560B00A50AE3 /* Resources */,
			);
			buildRules = (
			);
			dependencies = (
				8CF8CD671E66560B00A50AE3 /* PBXTargetDependency */,
			);
			name = RainbowGetUITests;
			productName = RainbowGetUITests;
			productReference = 8CF8CD651E66560B00A50AE3 /* RainbowGetUITests.xctest */;
			productType = "com.apple.product-type.bundle.ui-testing";
		};
/* End PBXNativeTarget section */

/* Begin PBXProject section */
		8CF8CD391E66560B00A50AE3 /* Project object */ = {
			isa = PBXProject;
			attributes = {
				LastUpgradeCheck = 0820;
				ORGANIZATIONNAME = Realank;
				TargetAttributes = {
					8CF8CD401E66560B00A50AE3 = {
						CreatedOnToolsVersion = 8.2.1;
						DevelopmentTeam = 275X96KVEB;
						ProvisioningStyle = Automatic;
					};
					8CF8CD591E66560B00A50AE3 = {
						CreatedOnToolsVersion = 8.2.1;
						DevelopmentTeam = 275X96KVEB;
						ProvisioningStyle = Automatic;
						TestTargetID = 8CF8CD401E66560B00A50AE3;
					};
					8CF8CD641E66560B00A50AE3 = {
						CreatedOnToolsVersion = 8.2.1;
						DevelopmentTeam = 275X96KVEB;
						ProvisioningStyle = Automatic;
						TestTargetID = 8CF8CD401E66560B00A50AE3;
					};
				};
			};
			buildConfigurationList = 8CF8CD3C1E66560B00A50AE3 /* Build configuration list for PBXProject "RainbowGet" */;
			compatibilityVersion = "Xcode 3.2";
			developmentRegion = English;
			hasScannedForEncodings = 0;
			knownRegions = (
				en,
				Base,
			);
			mainGroup = 8CF8CD381E66560B00A50AE3;
			productRefGroup = 8CF8CD421E66560B00A50AE3 /* Products */;
			projectDirPath = "";
			projectRoot = "";
			targets = (
				8CF8CD401E66560B00A50AE3 /* RainbowGet */,
				8CF8CD591E66560B00A50AE3 /* RainbowGetTests */,
				8CF8CD641E66560B00A50AE3 /* RainbowGetUITests */,
			);
		};
/* End PBXProject section */

/* Begin PBXResourcesBuildPhase section */
		8CF8CD3F1E66560B00A50AE3 /* Resources */ = {
			isa = PBXResourcesBuildPhase;
			buildActionMask = 2147483647;
			files = (
				8CF8CD541E66560B00A50AE3 /* LaunchScreen.storyboard in Resources */,
				8C1F91BC1E80C9ED0071209E /* WordCell.xib in Resources */,
				8CF8CD511E66560B00A50AE3 /* Assets.xcassets in Resources */,
				8CF8CD4F1E66560B00A50AE3 /* Main.storyboard in Resources */,
				8CF8CD851E665B7F00A50AE3 /* BoardCell.xib in Resources */,
				8CF8CD7B1E66575100A50AE3 /* WordBoardViewController.xib in Resources */,
				8C1F91B71E80C9CF0071209E /* WordsListViewController.xib in Resources */,
				8C0B1AD01E69D125003DBE7F /* ClassesListViewController.xib in Resources */,
			);
			runOnlyForDeploymentPostprocessing = 0;
		};
		8CF8CD581E66560B00A50AE3 /* Resources */ = {
			isa = PBXResourcesBuildPhase;
			buildActionMask = 2147483647;
			files = (
			);
			runOnlyForDeploymentPostprocessing = 0;
		};
		8CF8CD631E66560B00A50AE3 /* Resources */ = {
			isa = PBXResourcesBuildPhase;
			buildActionMask = 2147483647;
			files = (
			);
			runOnlyForDeploymentPostprocessing = 0;
		};
/* End PBXResourcesBuildPhase section */

/* Begin PBXShellScriptBuildPhase section */
		0D0B9BD1B9B74903819AFEB4 /* [CP] Check Pods Manifest.lock */ = {
			isa = PBXShellScriptBuildPhase;
			buildActionMask = 2147483647;
			files = (
			);
			inputPaths = (
			);
			name = "[CP] Check Pods Manifest.lock";
			outputPaths = (
			);
			runOnlyForDeploymentPostprocessing = 0;
			shellPath = /bin/sh;
			shellScript = "diff \"${PODS_ROOT}/../Podfile.lock\" \"${PODS_ROOT}/Manifest.lock\" > /dev/null\nif [ $? != 0 ] ; then\n    # print error to STDERR\n    echo \"error: The sandbox is not in sync with the Podfile.lock. Run 'pod install' or update your CocoaPods installation.\" >&2\n    exit 1\nfi\n";
			showEnvVarsInLog = 0;
		};
		23C442B026E20C66BF68460F /* [CP] Embed Pods Frameworks */ = {
			isa = PBXShellScriptBuildPhase;
			buildActionMask = 2147483647;
			files = (
			);
			inputPaths = (
			);
			name = "[CP] Embed Pods Frameworks";
			outputPaths = (
			);
			runOnlyForDeploymentPostprocessing = 0;
			shellPath = /bin/sh;
			shellScript = "\"${SRCROOT}/Pods/Target Support Files/Pods-RainbowGet/Pods-RainbowGet-frameworks.sh\"\n";
			showEnvVarsInLog = 0;
		};
		C6407C7B45905ED05B98768A /* [CP] Copy Pods Resources */ = {
			isa = PBXShellScriptBuildPhase;
			buildActionMask = 2147483647;
			files = (
			);
			inputPaths = (
			);
			name = "[CP] Copy Pods Resources";
			outputPaths = (
			);
			runOnlyForDeploymentPostprocessing = 0;
			shellPath = /bin/sh;
			shellScript = "\"${SRCROOT}/Pods/Target Support Files/Pods-RainbowGet/Pods-RainbowGet-resources.sh\"\n";
			showEnvVarsInLog = 0;
		};
/* End PBXShellScriptBuildPhase section */

/* Begin PBXSourcesBuildPhase section */
		8CF8CD3D1E66560B00A50AE3 /* Sources */ = {
			isa = PBXSourcesBuildPhase;
			buildActionMask = 2147483647;
			files = (
				8C84E4BD1E7A849C000466F8 /* PersistWords.m in Sources */,
				8CF8CD4C1E66560B00A50AE3 /* ViewController.m in Sources */,
				8CF8CD881E66645800A50AE3 /* WordModel.m in Sources */,
				8CF8CD491E66560B00A50AE3 /* AppDelegate.m in Sources */,
				8CF8CD461E66560B00A50AE3 /* main.m in Sources */,
				8C1F91BB1E80C9ED0071209E /* WordCell.m in Sources */,
				8CF8CD7A1E66575100A50AE3 /* WordBoardViewController.m in Sources */,
				8CF8CD841E665B7F00A50AE3 /* BoardCell.m in Sources */,
				8C7D403D1E6AF26B0024D5FD /* DrawView.m in Sources */,
				8C1F91B61E80C9CF0071209E /* WordsListViewController.m in Sources */,
				8C0B1ACF1E69D125003DBE7F /* ClassesListViewController.m in Sources */,
			);
			runOnlyForDeploymentPostprocessing = 0;
		};
		8CF8CD561E66560B00A50AE3 /* Sources */ = {
			isa = PBXSourcesBuildPhase;
			buildActionMask = 2147483647;
			files = (
				8CF8CD5F1E66560B00A50AE3 /* RainbowGetTests.m in Sources */,
			);
			runOnlyForDeploymentPostprocessing = 0;
		};
		8CF8CD611E66560B00A50AE3 /* Sources */ = {
			isa = PBXSourcesBuildPhase;
			buildActionMask = 2147483647;
			files = (
				8CF8CD6A1E66560B00A50AE3 /* RainbowGetUITests.m in Sources */,
			);
			runOnlyForDeploymentPostprocessing = 0;
		};
/* End PBXSourcesBuildPhase section */

/* Begin PBXTargetDependency section */
		8CF8CD5C1E66560B00A50AE3 /* PBXTargetDependency */ = {
			isa = PBXTargetDependency;
			target = 8CF8CD401E66560B00A50AE3 /* RainbowGet */;
			targetProxy = 8CF8CD5B1E66560B00A50AE3 /* PBXContainerItemProxy */;
		};
		8CF8CD671E66560B00A50AE3 /* PBXTargetDependency */ = {
			isa = PBXTargetDependency;
			target = 8CF8CD401E66560B00A50AE3 /* RainbowGet */;
			targetProxy = 8CF8CD661E66560B00A50AE3 /* PBXContainerItemProxy */;
		};
/* End PBXTargetDependency section */

/* Begin PBXVariantGroup section */
		8CF8CD4D1E66560B00A50AE3 /* Main.storyboard */ = {
			isa = PBXVariantGroup;
			children = (
				8CF8CD4E1E66560B00A50AE3 /* Base */,
			);
			name = Main.storyboard;
			sourceTree = "<group>";
		};
		8CF8CD521E66560B00A50AE3 /* LaunchScreen.storyboard */ = {
			isa = PBXVariantGroup;
			children = (
				8CF8CD531E66560B00A50AE3 /* Base */,
			);
			name = LaunchScreen.storyboard;
			sourceTree = "<group>";
		};
/* End PBXVariantGroup section */

/* Begin XCBuildConfiguration section */
		8CF8CD6C1E66560B00A50AE3 /* Debug */ = {
			isa = XCBuildConfiguration;
			buildSettings = {
				ALWAYS_SEARCH_USER_PATHS = NO;
				CLANG_ANALYZER_NONNULL = YES;
				CLANG_CXX_LANGUAGE_STANDARD = "gnu++0x";
				CLANG_CXX_LIBRARY = "libc++";
				CLANG_ENABLE_MODULES = YES;
				CLANG_ENABLE_OBJC_ARC = YES;
				CLANG_WARN_BOOL_CONVERSION = YES;
				CLANG_WARN_CONSTANT_CONVERSION = YES;
				CLANG_WARN_DIRECT_OBJC_ISA_USAGE = YES_ERROR;
				CLANG_WARN_DOCUMENTATION_COMMENTS = YES;
				CLANG_WARN_EMPTY_BODY = YES;
				CLANG_WARN_ENUM_CONVERSION = YES;
				CLANG_WARN_INFINITE_RECURSION = YES;
				CLANG_WARN_INT_CONVERSION = YES;
				CLANG_WARN_OBJC_ROOT_CLASS = YES_ERROR;
				CLANG_WARN_SUSPICIOUS_MOVE = YES;
				CLANG_WARN_UNREACHABLE_CODE = YES;
				CLANG_WARN__DUPLICATE_METHOD_MATCH = YES;
				"CODE_SIGN_IDENTITY[sdk=iphoneos*]" = "iPhone Developer";
				COPY_PHASE_STRIP = NO;
				DEBUG_INFORMATION_FORMAT = dwarf;
				ENABLE_STRICT_OBJC_MSGSEND = YES;
				ENABLE_TESTABILITY = YES;
				GCC_C_LANGUAGE_STANDARD = gnu99;
				GCC_DYNAMIC_NO_PIC = NO;
				GCC_NO_COMMON_BLOCKS = YES;
				GCC_OPTIMIZATION_LEVEL = 0;
				GCC_PREPROCESSOR_DEFINITIONS = (
					"DEBUG=1",
					"$(inherited)",
				);
				GCC_WARN_64_TO_32_BIT_CONVERSION = YES;
				GCC_WARN_ABOUT_RETURN_TYPE = YES_ERROR;
				GCC_WARN_UNDECLARED_SELECTOR = YES;
				GCC_WARN_UNINITIALIZED_AUTOS = YES_AGGRESSIVE;
				GCC_WARN_UNUSED_FUNCTION = YES;
				GCC_WARN_UNUSED_VARIABLE = YES;
				IPHONEOS_DEPLOYMENT_TARGET = 8.0;
				MTL_ENABLE_DEBUG_INFO = YES;
				ONLY_ACTIVE_ARCH = YES;
				SDKROOT = iphoneos;
				TARGETED_DEVICE_FAMILY = "1,2";
			};
			name = Debug;
		};
		8CF8CD6D1E66560B00A50AE3 /* Release */ = {
			isa = XCBuildConfiguration;
			buildSettings = {
				ALWAYS_SEARCH_USER_PATHS = NO;
				CLANG_ANALYZER_NONNULL = YES;
				CLANG_CXX_LANGUAGE_STANDARD = "gnu++0x";
				CLANG_CXX_LIBRARY = "libc++";
				CLANG_ENABLE_MODULES = YES;
				CLANG_ENABLE_OBJC_ARC = YES;
				CLANG_WARN_BOOL_CONVERSION = YES;
				CLANG_WARN_CONSTANT_CONVERSION = YES;
				CLANG_WARN_DIRECT_OBJC_ISA_USAGE = YES_ERROR;
				CLANG_WARN_DOCUMENTATION_COMMENTS = YES;
				CLANG_WARN_EMPTY_BODY = YES;
				CLANG_WARN_ENUM_CONVERSION = YES;
				CLANG_WARN_INFINITE_RECURSION = YES;
				CLANG_WARN_INT_CONVERSION = YES;
				CLANG_WARN_OBJC_ROOT_CLASS = YES_ERROR;
				CLANG_WARN_SUSPICIOUS_MOVE = YES;
				CLANG_WARN_UNREACHABLE_CODE = YES;
				CLANG_WARN__DUPLICATE_METHOD_MATCH = YES;
				"CODE_SIGN_IDENTITY[sdk=iphoneos*]" = "iPhone Developer";
				COPY_PHASE_STRIP = NO;
				DEBUG_INFORMATION_FORMAT = "dwarf-with-dsym";
				ENABLE_NS_ASSERTIONS = NO;
				ENABLE_STRICT_OBJC_MSGSEND = YES;
				GCC_C_LANGUAGE_STANDARD = gnu99;
				GCC_NO_COMMON_BLOCKS = YES;
				GCC_WARN_64_TO_32_BIT_CONVERSION = YES;
				GCC_WARN_ABOUT_RETURN_TYPE = YES_ERROR;
				GCC_WARN_UNDECLARED_SELECTOR = YES;
				GCC_WARN_UNINITIALIZED_AUTOS = YES_AGGRESSIVE;
				GCC_WARN_UNUSED_FUNCTION = YES;
				GCC_WARN_UNUSED_VARIABLE = YES;
				IPHONEOS_DEPLOYMENT_TARGET = 8.0;
				MTL_ENABLE_DEBUG_INFO = NO;
				SDKROOT = iphoneos;
				TARGETED_DEVICE_FAMILY = "1,2";
				VALIDATE_PRODUCT = YES;
			};
			name = Release;
		};
		8CF8CD6F1E66560B00A50AE3 /* Debug */ = {
			isa = XCBuildConfiguration;
			baseConfigurationReference = 479006B2C3C1B0AFB2C9A3E8 /* Pods-RainbowGet.debug.xcconfig */;
			buildSettings = {
				ASSETCATALOG_COMPILER_APPICON_NAME = AppIcon;
				DEVELOPMENT_TEAM = 275X96KVEB;
				GCC_PREFIX_HEADER = "$(SRCROOT)/RainbowGet/PrefixHeader.pch";
				INFOPLIST_FILE = RainbowGet/Info.plist;
				LD_RUNPATH_SEARCH_PATHS = "$(inherited) @executable_path/Frameworks";
				PRODUCT_BUNDLE_IDENTIFIER = com.realank.RainbowGet;
				PRODUCT_NAME = "$(TARGET_NAME)";
				TARGETED_DEVICE_FAMILY = "1,2";
			};
			name = Debug;
		};
		8CF8CD701E66560B00A50AE3 /* Release */ = {
			isa = XCBuildConfiguration;
			baseConfigurationReference = D1F4CCE74A7DDEFD3C4C0878 /* Pods-RainbowGet.release.xcconfig */;
			buildSettings = {
				ASSETCATALOG_COMPILER_APPICON_NAME = AppIcon;
				DEVELOPMENT_TEAM = 275X96KVEB;
				GCC_PREFIX_HEADER = "$(SRCROOT)/RainbowGet/PrefixHeader.pch";
				INFOPLIST_FILE = RainbowGet/Info.plist;
				LD_RUNPATH_SEARCH_PATHS = "$(inherited) @executable_path/Frameworks";
				PRODUCT_BUNDLE_IDENTIFIER = com.realank.RainbowGet;
				PRODUCT_NAME = "$(TARGET_NAME)";
				TARGETED_DEVICE_FAMILY = "1,2";
			};
			name = Release;
		};
		8CF8CD721E66560B00A50AE3 /* Debug */ = {
			isa = XCBuildConfiguration;
			buildSettings = {
				BUNDLE_LOADER = "$(TEST_HOST)";
				DEVELOPMENT_TEAM = 275X96KVEB;
				INFOPLIST_FILE = RainbowGetTests/Info.plist;
				LD_RUNPATH_SEARCH_PATHS = "$(inherited) @executable_path/Frameworks @loader_path/Frameworks";
				PRODUCT_BUNDLE_IDENTIFIER = com.realank.RainbowGetTests;
				PRODUCT_NAME = "$(TARGET_NAME)";
				TEST_HOST = "$(BUILT_PRODUCTS_DIR)/RainbowGet.app/RainbowGet";
			};
			name = Debug;
		};
		8CF8CD731E66560B00A50AE3 /* Release */ = {
			isa = XCBuildConfiguration;
			buildSettings = {
				BUNDLE_LOADER = "$(TEST_HOST)";
				DEVELOPMENT_TEAM = 275X96KVEB;
				INFOPLIST_FILE = RainbowGetTests/Info.plist;
				LD_RUNPATH_SEARCH_PATHS = "$(inherited) @executable_path/Frameworks @loader_path/Frameworks";
				PRODUCT_BUNDLE_IDENTIFIER = com.realank.RainbowGetTests;
				PRODUCT_NAME = "$(TARGET_NAME)";
				TEST_HOST = "$(BUILT_PRODUCTS_DIR)/RainbowGet.app/RainbowGet";
			};
			name = Release;
		};
		8CF8CD751E66560B00A50AE3 /* Debug */ = {
			isa = XCBuildConfiguration;
			buildSettings = {
				DEVELOPMENT_TEAM = 275X96KVEB;
				INFOPLIST_FILE = RainbowGetUITests/Info.plist;
				LD_RUNPATH_SEARCH_PATHS = "$(inherited) @executable_path/Frameworks @loader_path/Frameworks";
				PRODUCT_BUNDLE_IDENTIFIER = com.realank.RainbowGetUITests;
				PRODUCT_NAME = "$(TARGET_NAME)";
				TEST_TARGET_NAME = RainbowGet;
			};
			name = Debug;
		};
		8CF8CD761E66560B00A50AE3 /* Release */ = {
			isa = XCBuildConfiguration;
			buildSettings = {
				DEVELOPMENT_TEAM = 275X96KVEB;
				INFOPLIST_FILE = RainbowGetUITests/Info.plist;
				LD_RUNPATH_SEARCH_PATHS = "$(inherited) @executable_path/Frameworks @loader_path/Frameworks";
				PRODUCT_BUNDLE_IDENTIFIER = com.realank.RainbowGetUITests;
				PRODUCT_NAME = "$(TARGET_NAME)";
				TEST_TARGET_NAME = RainbowGet;
			};
			name = Release;
		};
/* End XCBuildConfiguration section */

/* Begin XCConfigurationList section */
		8CF8CD3C1E66560B00A50AE3 /* Build configuration list for PBXProject "RainbowGet" */ = {
			isa = XCConfigurationList;
			buildConfigurations = (
				8CF8CD6C1E66560B00A50AE3 /* Debug */,
				8CF8CD6D1E66560B00A50AE3 /* Release */,
			);
			defaultConfigurationIsVisible = 0;
			defaultConfigurationName = Release;
		};
		8CF8CD6E1E66560B00A50AE3 /* Build configuration list for PBXNativeTarget "RainbowGet" */ = {
			isa = XCConfigurationList;
			buildConfigurations = (
				8CF8CD6F1E66560B00A50AE3 /* Debug */,
				8CF8CD701E66560B00A50AE3 /* Release */,
			);
			defaultConfigurationIsVisible = 0;
			defaultConfigurationName = Release;
		};
		8CF8CD711E66560B00A50AE3 /* Build configuration list for PBXNativeTarget "RainbowGetTests" */ = {
			isa = XCConfigurationList;
			buildConfigurations = (
				8CF8CD721E66560B00A50AE3 /* Debug */,
				8CF8CD731E66560B00A50AE3 /* Release */,
			);
			defaultConfigurationIsVisible = 0;
			defaultConfigurationName = Release;
		};
		8CF8CD741E66560B00A50AE3 /* Build configuration list for PBXNativeTarget "RainbowGetUITests" */ = {
			isa = XCConfigurationList;
			buildConfigurations = (
				8CF8CD751E66560B00A50AE3 /* Debug */,
				8CF8CD761E66560B00A50AE3 /* Release */,
			);
			defaultConfigurationIsVisible = 0;
			defaultConfigurationName = Release;
		};
/* End XCConfigurationList section */
	};
	rootObject = 8CF8CD391E66560B00A50AE3 /* Project object */;
}
